
Microsoft Visual Studio Solution File, Format Version 12.00
# Visual Studio Version 16
VisualStudioVersion = 16.0.33130.400
MinimumVisualStudioVersion = 10.0.40219.1
Project("{FAE04EC0-301F-11D3-BF4B-00C04F79EFBC}") = "CardsProbability", "CardsProbability\CardsProbability.csproj", "{D66410B3-7201-4916-AFC0-0E23D4A43B12}"
EndProject
Global
	GlobalSection(SolutionConfigurationPlatforms) = preSolution
		Debug|Any CPU = Debug|Any CPU
		Release|Any CPU = Release|Any CPU
	EndGlobalSection
	GlobalSection(ProjectConfigurationPlatforms) = postSolution
		{D66410B3-7201-4916-AFC0-0E23D4A43B12}.Debug|Any CPU.ActiveCfg = Debug|Any CPU
		{D66410B3-7201-4916-AFC0-0E23D4A43B12}.Debug|Any CPU.Build.0 = Debug|Any CPU
		{D66410B3-7201-4916-AFC0-0E23D4A43B12}.Release|Any CPU.ActiveCfg = Release|Any CPU
		{D66410B3-7201-4916-AFC0-0E23D4A43B12}.Release|Any CPU.Build.0 = Release|Any CPU
	EndGlobalSection
	GlobalSection(SolutionProperties) = preSolution
		HideSolutionNode = FALSE
	EndGlobalSection
	GlobalSection(ExtensibilityGlobals) = postSolution
		SolutionGuid = {6BC9E428-21E3-467A-9526-89F4707E5990}
	EndGlobalSection
EndGlobal
